{
  "version": 4,
  "terraform_version": "1.0.0",
  "serial": 6,
  "lineage": "0b18ce8b-2129-a2ab-e329-18c2e5897da1",
  "outputs": {},
  "resources": [
    {
      "mode": "data",
      "type": "aws_eks_cluster",
      "name": "cluster",
      "provider": "provider[\"registry.terraform.io/hashicorp/aws\"]",
      "instances": [
        {
          "schema_version": 0,
          "attributes": {
            "arn": "arn:aws:eks:us-east-1:349767822519:cluster/terraform-aws-eks-test",
            "certificate_authority": [
              {
                "data": "LS0tLS1CRUdJTiBDRVJUSUZJQ0FURS0tLS0tCk1JSUM1ekNDQWMrZ0F3SUJBZ0lCQURBTkJna3Foa2lHOXcwQkFRc0ZBREFWTVJNd0VRWURWUVFERXdwcmRXSmwKY201bGRHVnpNQjRYRFRJeE1EWXhOakExTWpBeE9Gb1hEVE14TURZeE5EQTFNakF4T0Zvd0ZURVRNQkVHQTFVRQpBeE1LYTNWaVpYSnVaWFJsY3pDQ0FTSXdEUVlKS29aSWh2Y05BUUVCQlFBRGdnRVBBRENDQVFvQ2dnRUJBTG5WClJFZm9FU0hSV0FIMzRMdTY3dmpBb0h3RGgvUnJjS1ozUHpFUGJZWUxIYThNYzdKU1hWajAwUkpmQjhoQVFZSFYKZFRGWkV3cmpLZXJtK00vQnkzaFNQcG1KRFVIb3c5Y1UzeGFHK3EzWWkwQlJxZEpPcGdjamVHblNac0Z3VC9rMgpHQ2ZoUVExS0xJOUxGcWVKU2NZQUZXaGI1aEN4OUM0WElnLzVxNDlqTDRHTmovT1lJOUk3Z3lkR1gxNnZIUDhmCmNWLzgwTTMwamhBenp4eVBJNXd6VXZteVJ6YUhSRVJqN0lpeEFGbjl4eUN1bEFkbG5US2kxS1N4dUxNT0Z6Q0YKaGJKNlJDL25vVGZVRWlmWVlDcThHVzZ6TmZTQVgxU2tiSzViNVJ3aEhQUXZocnVybkpXY1dyajhuT25DMElCZgpWaUpsVGxRUUkva0g1UUtIVUNNQ0F3RUFBYU5DTUVBd0RnWURWUjBQQVFIL0JBUURBZ0trTUE4R0ExVWRFd0VCCi93UUZNQU1CQWY4d0hRWURWUjBPQkJZRUZFV0RkYWJPSTFGZ0tFZlQxeEhNV3FGVCtydG1NQTBHQ1NxR1NJYjMKRFFFQkN3VUFBNElCQVFCMEN1VmUzMjJCRE5uU2FDWEF3Z0ZVUUlrMXQ4TE9GOE84cWkwcnVKelg2M092R2Y2Rgo0VzBWNG9yajZyN1JQTHdRa2o5LytRZDJRRVRzVUt5MFZ1NWFYb0swRlAwVzVNUGdxQ28yb0txa0R4QStVQS9yClBDcDJ3RGVPSFlnOWlYeUIwcGMrRDFuL3U3Nll1QlRWNjVIK29paDByZmNKald0OXRnU1JQWStwdkdFRW5xQWgKNmk0VUhVVlZvSkRNOUVHUVQzazBvb1hhZFNiUnV4WFFPT2NqNnZRL3lrbHlrNytmQ2p1Q2x0RExxRyt1RFdWdwpHUFZvbXBSQTkzQUU1RW10SGxScnJ5cTNVMFVoVjE2Zmp3c01kZmJsQXk1eEZ3b1grUTRaYlFpajFTblZtZ1FqClliZmdiMFpjbGt0RFliMVBTb3JtVVQ2d25UMlRQV2dqMWlYQwotLS0tLUVORCBDRVJUSUZJQ0FURS0tLS0tCg=="
              }
            ],
            "created_at": "2021-06-16 05:14:16.105 +0000 UTC",
            "enabled_cluster_log_types": [],
            "endpoint": "https://8705794EF5E6E55C53C7C432EB604802.gr7.us-east-1.eks.amazonaws.com",
            "id": "terraform-aws-eks-test",
            "identity": [
              {
                "oidc": [
                  {
                    "issuer": "https://oidc.eks.us-east-1.amazonaws.com/id/8705794EF5E6E55C53C7C432EB604802"
                  }
                ]
              }
            ],
            "kubernetes_network_config": [
              {
                "service_ipv4_cidr": "172.20.0.0/16"
              }
            ],
            "name": "terraform-aws-eks-test",
            "platform_version": "eks.1",
            "role_arn": "arn:aws:iam::349767822519:role/terraform-aws-eks-test20210616051405545500000002",
            "status": "ACTIVE",
            "tags": {},
            "version": "1.20",
            "vpc_config": [
              {
                "cluster_security_group_id": "sg-02fcf3b1dec7f584d",
                "endpoint_private_access": false,
                "endpoint_public_access": true,
                "public_access_cidrs": [
                  "0.0.0.0/0"
                ],
                "security_group_ids": [
                  "sg-0e61b8a8f531366f2"
                ],
                "subnet_ids": [
                  "subnet-010e731704fd39347",
                  "subnet-0919c560846c4c999",
                  "subnet-0966509e1b852e2cb"
                ],
                "vpc_id": "vpc-0c6992f6ec95c1048"
              }
            ]
          },
          "sensitive_attributes": []
        }
      ]
    },
    {
      "module": "module.loki",
      "mode": "managed",
      "type": "helm_release",
      "name": "loki",
      "provider": "provider[\"registry.terraform.io/hashicorp/helm\"]",
      "instances": [
        {
          "schema_version": 0,
          "attributes": {
            "atomic": true,
            "chart": "loki-stack",
            "cleanup_on_fail": false,
            "create_namespace": true,
            "dependency_update": false,
            "description": null,
            "devel": null,
            "disable_crd_hooks": false,
            "disable_openapi_validation": false,
            "disable_webhooks": false,
            "force_update": false,
            "id": "loki",
            "keyring": null,
            "lint": false,
            "manifest": null,
            "max_history": 0,
            "metadata": [
              {
                "app_version": "v2.1.0",
                "chart": "loki-stack",
                "name": "loki",
                "namespace": "monitoring",
                "revision": 1,
                "values": "{\"grafana.enabled\":true,\"prometheus\":{\"alertmanager.persistentVolume.enabled\":false,\"enabled\":true,\"server.persistentVolume.enabled\":false}}",
                "version": "2.4.1"
              }
            ],
            "name": "loki",
            "namespace": "monitoring",
            "postrender": [],
            "recreate_pods": false,
            "render_subchart_notes": true,
            "replace": false,
            "repository": "https://grafana.github.io/helm-charts",
            "repository_ca_file": null,
            "repository_cert_file": null,
            "repository_key_file": null,
            "repository_password": null,
            "repository_username": null,
            "reset_values": false,
            "reuse_values": false,
            "set": [],
            "set_sensitive": [],
            "skip_crds": false,
            "status": "deployed",
            "timeout": 300,
            "values": [
              "grafana.enabled: true\r\nprometheus:\r\n  enabled: true\r\n  alertmanager.persistentVolume.enabled: false\r\n  server.persistentVolume.enabled: false"
            ],
            "verify": false,
            "version": "2.4.1",
            "wait": true,
            "wait_for_jobs": false
          },
          "sensitive_attributes": [],
          "private": "bnVsbA==",
          "dependencies": [
            "data.aws_eks_cluster.cluster"
          ]
        }
      ]
    }
  ]
}
